
Microsoft Visual Studio Solution File, Format Version 12.00
# Visual Studio Version 17
VisualStudioVersion = 17.5.33424.131
MinimumVisualStudioVersion = 10.0.40219.1
Project("{9A19103F-16F7-4668-BE54-9A1E7A4F7556}") = "gurusoft-backend.Domain", "gurusoft-backend.Domain\gurusoft-backend.Domain.csproj", "{91282C64-C320-480A-931A-3A04C6E3279A}"
EndProject
Project("{9A19103F-16F7-4668-BE54-9A1E7A4F7556}") = "gurusoft-backend.Api", "gurusoft-backend.Api\gurusoft-backend.Api.csproj", "{A6194E28-9FB1-4BEC-8FAD-815DA55CE107}"
EndProject
Project("{9A19103F-16F7-4668-BE54-9A1E7A4F7556}") = "gurusoft-backend.Application", "gurusoft-backend.Application\gurusoft-backend.Application.csproj", "{00018920-D0BA-484C-A6B5-78E9C7AA4AC6}"
EndProject
Project("{9A19103F-16F7-4668-BE54-9A1E7A4F7556}") = "gurusoft-backend.Infrastructure", "gurusoft-backend.Infrastructure\gurusoft-backend.Infrastructure.csproj", "{A16B72D6-5467-487A-824A-E9108B394F20}"
EndProject
Project("{FAE04EC0-301F-11D3-BF4B-00C04F79EFBC}") = "gurusoft-backend.Test", "gurusoft-backend.Test\gurusoft-backend.Test.csproj", "{DE357044-1B1F-43D6-ADF9-E6DBE37909C7}"
EndProject
Global
	GlobalSection(SolutionConfigurationPlatforms) = preSolution
		Debug|Any CPU = Debug|Any CPU
		Release|Any CPU = Release|Any CPU
	EndGlobalSection
	GlobalSection(ProjectConfigurationPlatforms) = postSolution
		{91282C64-C320-480A-931A-3A04C6E3279A}.Debug|Any CPU.ActiveCfg = Debug|Any CPU
		{91282C64-C320-480A-931A-3A04C6E3279A}.Debug|Any CPU.Build.0 = Debug|Any CPU
		{91282C64-C320-480A-931A-3A04C6E3279A}.Release|Any CPU.ActiveCfg = Release|Any CPU
		{91282C64-C320-480A-931A-3A04C6E3279A}.Release|Any CPU.Build.0 = Release|Any CPU
		{A6194E28-9FB1-4BEC-8FAD-815DA55CE107}.Debug|Any CPU.ActiveCfg = Debug|Any CPU
		{A6194E28-9FB1-4BEC-8FAD-815DA55CE107}.Debug|Any CPU.Build.0 = Debug|Any CPU
		{A6194E28-9FB1-4BEC-8FAD-815DA55CE107}.Release|Any CPU.ActiveCfg = Release|Any CPU
		{A6194E28-9FB1-4BEC-8FAD-815DA55CE107}.Release|Any CPU.Build.0 = Release|Any CPU
		{00018920-D0BA-484C-A6B5-78E9C7AA4AC6}.Debug|Any CPU.ActiveCfg = Debug|Any CPU
		{00018920-D0BA-484C-A6B5-78E9C7AA4AC6}.Debug|Any CPU.Build.0 = Debug|Any CPU
		{00018920-D0BA-484C-A6B5-78E9C7AA4AC6}.Release|Any CPU.ActiveCfg = Release|Any CPU
		{00018920-D0BA-484C-A6B5-78E9C7AA4AC6}.Release|Any CPU.Build.0 = Release|Any CPU
		{A16B72D6-5467-487A-824A-E9108B394F20}.Debug|Any CPU.ActiveCfg = Debug|Any CPU
		{A16B72D6-5467-487A-824A-E9108B394F20}.Debug|Any CPU.Build.0 = Debug|Any CPU
		{A16B72D6-5467-487A-824A-E9108B394F20}.Release|Any CPU.ActiveCfg = Release|Any CPU
		{A16B72D6-5467-487A-824A-E9108B394F20}.Release|Any CPU.Build.0 = Release|Any CPU
		{DE357044-1B1F-43D6-ADF9-E6DBE37909C7}.Debug|Any CPU.ActiveCfg = Debug|Any CPU
		{DE357044-1B1F-43D6-ADF9-E6DBE37909C7}.Debug|Any CPU.Build.0 = Debug|Any CPU
		{DE357044-1B1F-43D6-ADF9-E6DBE37909C7}.Release|Any CPU.ActiveCfg = Release|Any CPU
		{DE357044-1B1F-43D6-ADF9-E6DBE37909C7}.Release|Any CPU.Build.0 = Release|Any CPU
	EndGlobalSection
	GlobalSection(SolutionProperties) = preSolution
		HideSolutionNode = FALSE
	EndGlobalSection
	GlobalSection(ExtensibilityGlobals) = postSolution
		SolutionGuid = {1EDDFE80-8A84-4F6E-8CCE-F400AE7501D9}
	EndGlobalSection
EndGlobal
